
Microsoft Visual Studio Solution File, Format Version 12.00
# Visual Studio Version 17
VisualStudioVersion = 17.9.34728.123
MinimumVisualStudioVersion = 10.0.40219.1
Project("{FAE04EC0-301F-11D3-BF4B-00C04F79EFBC}") = "WinFormsApp1", "WinFormsApp1\WinFormsApp1.csproj", "{D6981D0D-F9CA-480D-922C-9EAEA8FB8D30}"
EndProject
Global
	GlobalSection(SolutionConfigurationPlatforms) = preSolution
		Debug|Any CPU = Debug|Any CPU
		Release|Any CPU = Release|Any CPU
	EndGlobalSection
	GlobalSection(ProjectConfigurationPlatforms) = postSolution
		{D6981D0D-F9CA-480D-922C-9EAEA8FB8D30}.Debug|Any CPU.ActiveCfg = Debug|Any CPU
		{D6981D0D-F9CA-480D-922C-9EAEA8FB8D30}.Debug|Any CPU.Build.0 = Debug|Any CPU
		{D6981D0D-F9CA-480D-922C-9EAEA8FB8D30}.Release|Any CPU.ActiveCfg = Release|Any CPU
		{D6981D0D-F9CA-480D-922C-9EAEA8FB8D30}.Release|Any CPU.Build.0 = Release|Any CPU
	EndGlobalSection
	GlobalSection(SolutionProperties) = preSolution
		HideSolutionNode = FALSE
	EndGlobalSection
	GlobalSection(ExtensibilityGlobals) = postSolution
		SolutionGuid = {FA23F806-790D-49B9-A3AB-785FBA1F973D}
	EndGlobalSection
EndGlobal
